# @generated - this file is auto-generated by `mise lock` https://mise.jdx.dev/dev-tools/mise-lock.html

lockfile_version = 1

[[tools.aube]]
version = "2.2.4"
backend = "aqua:jdx/aube"
specifiers = ["2.2.4"]

[[tools.node]]
version = "24.20.0"
backend = "core:node"
specifiers = ["24"]

[[tools."npm:portless"]]
version = "0.15.6"
backend = "npm:portless"
specifiers = ["0.15.6"]
